
Microsoft Visual Studio Solution File, Format Version 12.00
# Visual Studio Version 16
VisualStudioVersion = 16.0.30804.86
MinimumVisualStudioVersion = 10.0.40219.1
Project("{FAE04EC0-301F-11D3-BF4B-00C04F79EFBC}") = "Client_Project", "Client_Project\Client_Project.csproj", "{F854DD25-6669-4050-A87E-B8E989D20788}"
EndProject
Global
	GlobalSection(SolutionConfigurationPlatforms) = preSolution
		Debug|Any CPU = Debug|Any CPU
		Release|Any CPU = Release|Any CPU
	EndGlobalSection
	GlobalSection(ProjectConfigurationPlatforms) = postSolution
		{F854DD25-6669-4050-A87E-B8E989D20788}.Debug|Any CPU.ActiveCfg = Debug|Any CPU
		{F854DD25-6669-4050-A87E-B8E989D20788}.Debug|Any CPU.Build.0 = Debug|Any CPU
		{F854DD25-6669-4050-A87E-B8E989D20788}.Release|Any CPU.ActiveCfg = Release|Any CPU
		{F854DD25-6669-4050-A87E-B8E989D20788}.Release|Any CPU.Build.0 = Release|Any CPU
	EndGlobalSection
	GlobalSection(SolutionProperties) = preSolution
		HideSolutionNode = FALSE
	EndGlobalSection
	GlobalSection(ExtensibilityGlobals) = postSolution
		SolutionGuid = {3AA9E392-7525-4806-BA4F-A7E03B431A3A}
	EndGlobalSection
EndGlobal
